{
  "name": "iec60870-104multi",
  "lockfileVersion": 3,
  "requires": true,
  "packages": {
    "": {
      "dependencies": {
        "ih-lib60870-node": "^1.0.46"
      }
    },
    "node_modules/ih-lib60870-node": {
      "version": "1.0.46",
      "resolved": "https://registry.npmjs.org/ih-lib60870-node/-/ih-lib60870-node-1.0.46.tgz",
      "integrity": "sha512-/r5TuD/rXxy17rTi9qBotGZxF8rDtsZv2LMp4xsbMsipbnOGMNa6bxw1Zh3ZFAjzjj3vjzwVGkJ157K5AyAwPQ==",
      "cpu": [
        "x64",
        "ia32",
        "arm64",
        "arm"
      ],
      "hasInstallScript": true,
      "license": "MIT",
      "os": [
        "darwin",
        "linux",
        "win32"
      ]
    }
  }
}
